
Microsoft Visual Studio Solution File, Format Version 12.00
# Visual Studio Version 17
VisualStudioVersion = 17.0.31903.59
MinimumVisualStudioVersion = 10.0.40219.1
Project("{2150E333-8FDC-42A3-9474-1A3956D46DE8}") = "src", "src", "{827E0CD3-B72D-47B6-A68D-7590B98EB39B}"
EndProject
Project("{FAE04EC0-301F-11D3-BF4B-00C04F79EFBC}") = "Sentinel.CLI.Domain", "src\Sentinel.CLI.Domain\Sentinel.CLI.Domain.csproj", "{7BE08DE7-45AA-47E0-B07B-ADB317782105}"
EndProject
Project("{FAE04EC0-301F-11D3-BF4B-00C04F79EFBC}") = "Sentinel.CLI.Application", "src\Sentinel.CLI.Application\Sentinel.CLI.Application.csproj", "{5C182A95-B45B-4BCC-93A0-09F1E9BA8400}"
EndProject
Project("{FAE04EC0-301F-11D3-BF4B-00C04F79EFBC}") = "Sentinel.CLI.Infrastructure", "src\Sentinel.CLI.Infrastructure\Sentinel.CLI.Infrastructure.csproj", "{AB6B6AB3-068F-468F-903D-E57D19E9E350}"
EndProject
Project("{FAE04EC0-301F-11D3-BF4B-00C04F79EFBC}") = "Sentinel.CLI", "src\Sentinel.CLI\Sentinel.CLI.csproj", "{88AF41B6-F1A1-42D3-843C-D1F872824317}"
EndProject
Project("{2150E333-8FDC-42A3-9474-1A3956D46DE8}") = "tests", "tests", "{0AB3BF05-4346-4AA6-1389-037BE0695223}"
EndProject
Project("{FAE04EC0-301F-11D3-BF4B-00C04F79EFBC}") = "Sentinel.CLI.Domain.Tests", "tests\Sentinel.CLI.Domain.Tests\Sentinel.CLI.Domain.Tests.csproj", "{5FBDC2D9-665B-45D0-9721-3DCFD9E2E45A}"
EndProject
Project("{FAE04EC0-301F-11D3-BF4B-00C04F79EFBC}") = "Sentinel.CLI.Application.Tests", "tests\Sentinel.CLI.Application.Tests\Sentinel.CLI.Application.Tests.csproj", "{FACE45C5-47FF-4520-BDAC-E3738F53ADE8}"
EndProject
Project("{FAE04EC0-301F-11D3-BF4B-00C04F79EFBC}") = "Sentinel.CLI.Infrastructure.Tests", "tests\Sentinel.CLI.Infrastructure.Tests\Sentinel.CLI.Infrastructure.Tests.csproj", "{9C9FB5B7-2EF4-4B2D-B4C2-5E7A8370DEB1}"
EndProject
Project("{FAE04EC0-301F-11D3-BF4B-00C04F79EFBC}") = "Sentinel.CLI.Tui", "src\Sentinel.CLI.Tui\Sentinel.CLI.Tui.csproj", "{B19DF281-6B65-47BE-9860-8DE290EEDE86}"
EndProject
Project("{FAE04EC0-301F-11D3-BF4B-00C04F79EFBC}") = "Sentinel.CLI.Receiver", "src\Sentinel.CLI.Receiver\Sentinel.CLI.Receiver.csproj", "{10E34546-A8CF-44FC-A255-537478B969DA}"
EndProject
Project("{FAE04EC0-301F-11D3-BF4B-00C04F79EFBC}") = "Sentinel.CLI.Receiver.Tests", "tests\Sentinel.CLI.Receiver.Tests\Sentinel.CLI.Receiver.Tests.csproj", "{670FB778-DCDF-4239-9395-6AE1F4E01B44}"
EndProject
Project("{FAE04EC0-301F-11D3-BF4B-00C04F79EFBC}") = "Sentinel.CLI.Tui.Tests", "tests\Sentinel.CLI.Tui.Tests\Sentinel.CLI.Tui.Tests.csproj", "{7D0B02E4-38BE-43AA-9719-C74BF0B7952E}"
EndProject
Project("{2150E333-8FDC-42A3-9474-1A3956D46DE8}") = "tools", "tools", "{07C2787E-EAC7-C090-1BA3-A61EC2A24D84}"
EndProject
Project("{FAE04EC0-301F-11D3-BF4B-00C04F79EFBC}") = "Sentinel.LoadGenerator", "tools\Sentinel.LoadGenerator\Sentinel.LoadGenerator.csproj", "{A29D5FF7-D445-4F53-B6F4-EC9980132DFB}"
EndProject
Project("{FAE04EC0-301F-11D3-BF4B-00C04F79EFBC}") = "Sentinel.CLI.Tests", "tests\Sentinel.CLI.Tests\Sentinel.CLI.Tests.csproj", "{3C2201C2-2790-456A-84DC-024EC229A149}"
EndProject
Global
	GlobalSection(SolutionConfigurationPlatforms) = preSolution
		Debug|Any CPU = Debug|Any CPU
		Debug|x64 = Debug|x64
		Debug|x86 = Debug|x86
		Release|Any CPU = Release|Any CPU
		Release|x64 = Release|x64
		Release|x86 = Release|x86
	EndGlobalSection
	GlobalSection(ProjectConfigurationPlatforms) = postSolution
		{7BE08DE7-45AA-47E0-B07B-ADB317782105}.Debug|Any CPU.ActiveCfg = Debug|Any CPU
		{7BE08DE7-45AA-47E0-B07B-ADB317782105}.Debug|Any CPU.Build.0 = Debug|Any CPU
		{7BE08DE7-45AA-47E0-B07B-ADB317782105}.Debug|x64.ActiveCfg = Debug|Any CPU
		{7BE08DE7-45AA-47E0-B07B-ADB317782105}.Debug|x64.Build.0 = Debug|Any CPU
		{7BE08DE7-45AA-47E0-B07B-ADB317782105}.Debug|x86.ActiveCfg = Debug|Any CPU
		{7BE08DE7-45AA-47E0-B07B-ADB317782105}.Debug|x86.Build.0 = Debug|Any CPU
		{7BE08DE7-45AA-47E0-B07B-ADB317782105}.Release|Any CPU.ActiveCfg = Release|Any CPU
		{7BE08DE7-45AA-47E0-B07B-ADB317782105}.Release|Any CPU.Build.0 = Release|Any CPU
		{7BE08DE7-45AA-47E0-B07B-ADB317782105}.Release|x64.ActiveCfg = Release|Any CPU
		{7BE08DE7-45AA-47E0-B07B-ADB317782105}.Release|x64.Build.0 = Release|Any CPU
		{7BE08DE7-45AA-47E0-B07B-ADB317782105}.Release|x86.ActiveCfg = Release|Any CPU
		{7BE08DE7-45AA-47E0-B07B-ADB317782105}.Release|x86.Build.0 = Release|Any CPU
		{5C182A95-B45B-4BCC-93A0-09F1E9BA8400}.Debug|Any CPU.ActiveCfg = Debug|Any CPU
		{5C182A95-B45B-4BCC-93A0-09F1E9BA8400}.Debug|Any CPU.Build.0 = Debug|Any CPU
		{5C182A95-B45B-4BCC-93A0-09F1E9BA8400}.Debug|x64.ActiveCfg = Debug|Any CPU
		{5C182A95-B45B-4BCC-93A0-09F1E9BA8400}.Debug|x64.Build.0 = Debug|Any CPU
		{5C182A95-B45B-4BCC-93A0-09F1E9BA8400}.Debug|x86.ActiveCfg = Debug|Any CPU
		{5C182A95-B45B-4BCC-93A0-09F1E9BA8400}.Debug|x86.Build.0 = Debug|Any CPU
		{5C182A95-B45B-4BCC-93A0-09F1E9BA8400}.Release|Any CPU.ActiveCfg = Release|Any CPU
		{5C182A95-B45B-4BCC-93A0-09F1E9BA8400}.Release|Any CPU.Build.0 = Release|Any CPU
		{5C182A95-B45B-4BCC-93A0-09F1E9BA8400}.Release|x64.ActiveCfg = Release|Any CPU
		{5C182A95-B45B-4BCC-93A0-09F1E9BA8400}.Release|x64.Build.0 = Release|Any CPU
		{5C182A95-B45B-4BCC-93A0-09F1E9BA8400}.Release|x86.ActiveCfg = Release|Any CPU
		{5C182A95-B45B-4BCC-93A0-09F1E9BA8400}.Release|x86.Build.0 = Release|Any CPU
		{AB6B6AB3-068F-468F-903D-E57D19E9E350}.Debug|Any CPU.ActiveCfg = Debug|Any CPU
		{AB6B6AB3-068F-468F-903D-E57D19E9E350}.Debug|Any CPU.Build.0 = Debug|Any CPU
		{AB6B6AB3-068F-468F-903D-E57D19E9E350}.Debug|x64.ActiveCfg = Debug|Any CPU
		{AB6B6AB3-068F-468F-903D-E57D19E9E350}.Debug|x64.Build.0 = Debug|Any CPU
		{AB6B6AB3-068F-468F-903D-E57D19E9E350}.Debug|x86.ActiveCfg = Debug|Any CPU
		{AB6B6AB3-068F-468F-903D-E57D19E9E350}.Debug|x86.Build.0 = Debug|Any CPU
		{AB6B6AB3-068F-468F-903D-E57D19E9E350}.Release|Any CPU.ActiveCfg = Release|Any CPU
		{AB6B6AB3-068F-468F-903D-E57D19E9E350}.Release|Any CPU.Build.0 = Release|Any CPU
		{AB6B6AB3-068F-468F-903D-E57D19E9E350}.Release|x64.ActiveCfg = Release|Any CPU
		{AB6B6AB3-068F-468F-903D-E57D19E9E350}.Release|x64.Build.0 = Release|Any CPU
		{AB6B6AB3-068F-468F-903D-E57D19E9E350}.Release|x86.ActiveCfg = Release|Any CPU
		{AB6B6AB3-068F-468F-903D-E57D19E9E350}.Release|x86.Build.0 = Release|Any CPU
		{88AF41B6-F1A1-42D3-843C-D1F872824317}.Debug|Any CPU.ActiveCfg = Debug|Any CPU
		{88AF41B6-F1A1-42D3-843C-D1F872824317}.Debug|Any CPU.Build.0 = Debug|Any CPU
		{88AF41B6-F1A1-42D3-843C-D1F872824317}.Debug|x64.ActiveCfg = Debug|Any CPU
		{88AF41B6-F1A1-42D3-843C-D1F872824317}.Debug|x64.Build.0 = Debug|Any CPU
		{88AF41B6-F1A1-42D3-843C-D1F872824317}.Debug|x86.ActiveCfg = Debug|Any CPU
		{88AF41B6-F1A1-42D3-843C-D1F872824317}.Debug|x86.Build.0 = Debug|Any CPU
		{88AF41B6-F1A1-42D3-843C-D1F872824317}.Release|Any CPU.ActiveCfg = Release|Any CPU
		{88AF41B6-F1A1-42D3-843C-D1F872824317}.Release|Any CPU.Build.0 = Release|Any CPU
		{88AF41B6-F1A1-42D3-843C-D1F872824317}.Release|x64.ActiveCfg = Release|Any CPU
		{88AF41B6-F1A1-42D3-843C-D1F872824317}.Release|x64.Build.0 = Release|Any CPU
		{88AF41B6-F1A1-42D3-843C-D1F872824317}.Release|x86.ActiveCfg = Release|Any CPU
		{88AF41B6-F1A1-42D3-843C-D1F872824317}.Release|x86.Build.0 = Release|Any CPU
		{5FBDC2D9-665B-45D0-9721-3DCFD9E2E45A}.Debug|Any CPU.ActiveCfg = Debug|Any CPU
		{5FBDC2D9-665B-45D0-9721-3DCFD9E2E45A}.Debug|Any CPU.Build.0 = Debug|Any CPU
		{5FBDC2D9-665B-45D0-9721-3DCFD9E2E45A}.Debug|x64.ActiveCfg = Debug|Any CPU
		{5FBDC2D9-665B-45D0-9721-3DCFD9E2E45A}.Debug|x64.Build.0 = Debug|Any CPU
		{5FBDC2D9-665B-45D0-9721-3DCFD9E2E45A}.Debug|x86.ActiveCfg = Debug|Any CPU
		{5FBDC2D9-665B-45D0-9721-3DCFD9E2E45A}.Debug|x86.Build.0 = Debug|Any CPU
		{5FBDC2D9-665B-45D0-9721-3DCFD9E2E45A}.Release|Any CPU.ActiveCfg = Release|Any CPU
		{5FBDC2D9-665B-45D0-9721-3DCFD9E2E45A}.Release|Any CPU.Build.0 = Release|Any CPU
		{5FBDC2D9-665B-45D0-9721-3DCFD9E2E45A}.Release|x64.ActiveCfg = Release|Any CPU
		{5FBDC2D9-665B-45D0-9721-3DCFD9E2E45A}.Release|x64.Build.0 = Release|Any CPU
		{5FBDC2D9-665B-45D0-9721-3DCFD9E2E45A}.Release|x86.ActiveCfg = Release|Any CPU
		{5FBDC2D9-665B-45D0-9721-3DCFD9E2E45A}.Release|x86.Build.0 = Release|Any CPU
		{FACE45C5-47FF-4520-BDAC-E3738F53ADE8}.Debug|Any CPU.ActiveCfg = Debug|Any CPU
		{FACE45C5-47FF-4520-BDAC-E3738F53ADE8}.Debug|Any CPU.Build.0 = Debug|Any CPU
		{FACE45C5-47FF-4520-BDAC-E3738F53ADE8}.Debug|x64.ActiveCfg = Debug|Any CPU
		{FACE45C5-47FF-4520-BDAC-E3738F53ADE8}.Debug|x64.Build.0 = Debug|Any CPU
		{FACE45C5-47FF-4520-BDAC-E3738F53ADE8}.Debug|x86.ActiveCfg = Debug|Any CPU
		{FACE45C5-47FF-4520-BDAC-E3738F53ADE8}.Debug|x86.Build.0 = Debug|Any CPU
		{FACE45C5-47FF-4520-BDAC-E3738F53ADE8}.Release|Any CPU.ActiveCfg = Release|Any CPU
		{FACE45C5-47FF-4520-BDAC-E3738F53ADE8}.Release|Any CPU.Build.0 = Release|Any CPU
		{FACE45C5-47FF-4520-BDAC-E3738F53ADE8}.Release|x64.ActiveCfg = Release|Any CPU
		{FACE45C5-47FF-4520-BDAC-E3738F53ADE8}.Release|x64.Build.0 = Release|Any CPU
		{FACE45C5-47FF-4520-BDAC-E3738F53ADE8}.Release|x86.ActiveCfg = Release|Any CPU
		{FACE45C5-47FF-4520-BDAC-E3738F53ADE8}.Release|x86.Build.0 = Release|Any CPU
		{9C9FB5B7-2EF4-4B2D-B4C2-5E7A8370DEB1}.Debug|Any CPU.ActiveCfg = Debug|Any CPU
		{9C9FB5B7-2EF4-4B2D-B4C2-5E7A8370DEB1}.Debug|Any CPU.Build.0 = Debug|Any CPU
		{9C9FB5B7-2EF4-4B2D-B4C2-5E7A8370DEB1}.Debug|x64.ActiveCfg = Debug|Any CPU
		{9C9FB5B7-2EF4-4B2D-B4C2-5E7A8370DEB1}.Debug|x64.Build.0 = Debug|Any CPU
		{9C9FB5B7-2EF4-4B2D-B4C2-5E7A8370DEB1}.Debug|x86.ActiveCfg = Debug|Any CPU
		{9C9FB5B7-2EF4-4B2D-B4C2-5E7A8370DEB1}.Debug|x86.Build.0 = Debug|Any CPU
		{9C9FB5B7-2EF4-4B2D-B4C2-5E7A8370DEB1}.Release|Any CPU.ActiveCfg = Release|Any CPU
		{9C9FB5B7-2EF4-4B2D-B4C2-5E7A8370DEB1}.Release|Any CPU.Build.0 = Release|Any CPU
		{9C9FB5B7-2EF4-4B2D-B4C2-5E7A8370DEB1}.Release|x64.ActiveCfg = Release|Any CPU
		{9C9FB5B7-2EF4-4B2D-B4C2-5E7A8370DEB1}.Release|x64.Build.0 = Release|Any CPU
		{9C9FB5B7-2EF4-4B2D-B4C2-5E7A8370DEB1}.Release|x86.ActiveCfg = Release|Any CPU
		{9C9FB5B7-2EF4-4B2D-B4C2-5E7A8370DEB1}.Release|x86.Build.0 = Release|Any CPU
		{B19DF281-6B65-47BE-9860-8DE290EEDE86}.Debug|Any CPU.ActiveCfg = Debug|Any CPU
		{B19DF281-6B65-47BE-9860-8DE290EEDE86}.Debug|Any CPU.Build.0 = Debug|Any CPU
		{B19DF281-6B65-47BE-9860-8DE290EEDE86}.Debug|x64.ActiveCfg = Debug|Any CPU
		{B19DF281-6B65-47BE-9860-8DE290EEDE86}.Debug|x64.Build.0 = Debug|Any CPU
		{B19DF281-6B65-47BE-9860-8DE290EEDE86}.Debug|x86.ActiveCfg = Debug|Any CPU
		{B19DF281-6B65-47BE-9860-8DE290EEDE86}.Debug|x86.Build.0 = Debug|Any CPU
		{B19DF281-6B65-47BE-9860-8DE290EEDE86}.Release|Any CPU.ActiveCfg = Release|Any CPU
		{B19DF281-6B65-47BE-9860-8DE290EEDE86}.Release|Any CPU.Build.0 = Release|Any CPU
		{B19DF281-6B65-47BE-9860-8DE290EEDE86}.Release|x64.ActiveCfg = Release|Any CPU
		{B19DF281-6B65-47BE-9860-8DE290EEDE86}.Release|x64.Build.0 = Release|Any CPU
		{B19DF281-6B65-47BE-9860-8DE290EEDE86}.Release|x86.ActiveCfg = Release|Any CPU
		{B19DF281-6B65-47BE-9860-8DE290EEDE86}.Release|x86.Build.0 = Release|Any CPU
		{10E34546-A8CF-44FC-A255-537478B969DA}.Debug|Any CPU.ActiveCfg = Debug|Any CPU
		{10E34546-A8CF-44FC-A255-537478B969DA}.Debug|Any CPU.Build.0 = Debug|Any CPU
		{10E34546-A8CF-44FC-A255-537478B969DA}.Debug|x64.ActiveCfg = Debug|Any CPU
		{10E34546-A8CF-44FC-A255-537478B969DA}.Debug|x64.Build.0 = Debug|Any CPU
		{10E34546-A8CF-44FC-A255-537478B969DA}.Debug|x86.ActiveCfg = Debug|Any CPU
		{10E34546-A8CF-44FC-A255-537478B969DA}.Debug|x86.Build.0 = Debug|Any CPU
		{10E34546-A8CF-44FC-A255-537478B969DA}.Release|Any CPU.ActiveCfg = Release|Any CPU
		{10E34546-A8CF-44FC-A255-537478B969DA}.Release|Any CPU.Build.0 = Release|Any CPU
		{10E34546-A8CF-44FC-A255-537478B969DA}.Release|x64.ActiveCfg = Release|Any CPU
		{10E34546-A8CF-44FC-A255-537478B969DA}.Release|x64.Build.0 = Release|Any CPU
		{10E34546-A8CF-44FC-A255-537478B969DA}.Release|x86.ActiveCfg = Release|Any CPU
		{10E34546-A8CF-44FC-A255-537478B969DA}.Release|x86.Build.0 = Release|Any CPU
		{670FB778-DCDF-4239-9395-6AE1F4E01B44}.Debug|Any CPU.ActiveCfg = Debug|Any CPU
		{670FB778-DCDF-4239-9395-6AE1F4E01B44}.Debug|Any CPU.Build.0 = Debug|Any CPU
		{670FB778-DCDF-4239-9395-6AE1F4E01B44}.Debug|x64.ActiveCfg = Debug|Any CPU
		{670FB778-DCDF-4239-9395-6AE1F4E01B44}.Debug|x64.Build.0 = Debug|Any CPU
		{670FB778-DCDF-4239-9395-6AE1F4E01B44}.Debug|x86.ActiveCfg = Debug|Any CPU
		{670FB778-DCDF-4239-9395-6AE1F4E01B44}.Debug|x86.Build.0 = Debug|Any CPU
		{670FB778-DCDF-4239-9395-6AE1F4E01B44}.Release|Any CPU.ActiveCfg = Release|Any CPU
		{670FB778-DCDF-4239-9395-6AE1F4E01B44}.Release|Any CPU.Build.0 = Release|Any CPU
		{670FB778-DCDF-4239-9395-6AE1F4E01B44}.Release|x64.ActiveCfg = Release|Any CPU
		{670FB778-DCDF-4239-9395-6AE1F4E01B44}.Release|x64.Build.0 = Release|Any CPU
		{670FB778-DCDF-4239-9395-6AE1F4E01B44}.Release|x86.ActiveCfg = Release|Any CPU
		{670FB778-DCDF-4239-9395-6AE1F4E01B44}.Release|x86.Build.0 = Release|Any CPU
		{7D0B02E4-38BE-43AA-9719-C74BF0B7952E}.Debug|Any CPU.ActiveCfg = Debug|Any CPU
		{7D0B02E4-38BE-43AA-9719-C74BF0B7952E}.Debug|Any CPU.Build.0 = Debug|Any CPU
		{7D0B02E4-38BE-43AA-9719-C74BF0B7952E}.Debug|x64.ActiveCfg = Debug|Any CPU
		{7D0B02E4-38BE-43AA-9719-C74BF0B7952E}.Debug|x64.Build.0 = Debug|Any CPU
		{7D0B02E4-38BE-43AA-9719-C74BF0B7952E}.Debug|x86.ActiveCfg = Debug|Any CPU
		{7D0B02E4-38BE-43AA-9719-C74BF0B7952E}.Debug|x86.Build.0 = Debug|Any CPU
		{7D0B02E4-38BE-43AA-9719-C74BF0B7952E}.Release|Any CPU.ActiveCfg = Release|Any CPU
		{7D0B02E4-38BE-43AA-9719-C74BF0B7952E}.Release|Any CPU.Build.0 = Release|Any CPU
		{7D0B02E4-38BE-43AA-9719-C74BF0B7952E}.Release|x64.ActiveCfg = Release|Any CPU
		{7D0B02E4-38BE-43AA-9719-C74BF0B7952E}.Release|x64.Build.0 = Release|Any CPU
		{7D0B02E4-38BE-43AA-9719-C74BF0B7952E}.Release|x86.ActiveCfg = Release|Any CPU
		{7D0B02E4-38BE-43AA-9719-C74BF0B7952E}.Release|x86.Build.0 = Release|Any CPU
		{A29D5FF7-D445-4F53-B6F4-EC9980132DFB}.Debug|Any CPU.ActiveCfg = Debug|Any CPU
		{A29D5FF7-D445-4F53-B6F4-EC9980132DFB}.Debug|Any CPU.Build.0 = Debug|Any CPU
		{A29D5FF7-D445-4F53-B6F4-EC9980132DFB}.Debug|x64.ActiveCfg = Debug|Any CPU
		{A29D5FF7-D445-4F53-B6F4-EC9980132DFB}.Debug|x64.Build.0 = Debug|Any CPU
		{A29D5FF7-D445-4F53-B6F4-EC9980132DFB}.Debug|x86.ActiveCfg = Debug|Any CPU
		{A29D5FF7-D445-4F53-B6F4-EC9980132DFB}.Debug|x86.Build.0 = Debug|Any CPU
		{A29D5FF7-D445-4F53-B6F4-EC9980132DFB}.Release|Any CPU.ActiveCfg = Release|Any CPU
		{A29D5FF7-D445-4F53-B6F4-EC9980132DFB}.Release|Any CPU.Build.0 = Release|Any CPU
		{A29D5FF7-D445-4F53-B6F4-EC9980132DFB}.Release|x64.ActiveCfg = Release|Any CPU
		{A29D5FF7-D445-4F53-B6F4-EC9980132DFB}.Release|x64.Build.0 = Release|Any CPU
		{A29D5FF7-D445-4F53-B6F4-EC9980132DFB}.Release|x86.ActiveCfg = Release|Any CPU
		{A29D5FF7-D445-4F53-B6F4-EC9980132DFB}.Release|x86.Build.0 = Release|Any CPU
		{3C2201C2-2790-456A-84DC-024EC229A149}.Debug|Any CPU.ActiveCfg = Debug|Any CPU
		{3C2201C2-2790-456A-84DC-024EC229A149}.Debug|Any CPU.Build.0 = Debug|Any CPU
		{3C2201C2-2790-456A-84DC-024EC229A149}.Debug|x64.ActiveCfg = Debug|Any CPU
		{3C2201C2-2790-456A-84DC-024EC229A149}.Debug|x64.Build.0 = Debug|Any CPU
		{3C2201C2-2790-456A-84DC-024EC229A149}.Debug|x86.ActiveCfg = Debug|Any CPU
		{3C2201C2-2790-456A-84DC-024EC229A149}.Debug|x86.Build.0 = Debug|Any CPU
		{3C2201C2-2790-456A-84DC-024EC229A149}.Release|Any CPU.ActiveCfg = Release|Any CPU
		{3C2201C2-2790-456A-84DC-024EC229A149}.Release|Any CPU.Build.0 = Release|Any CPU
		{3C2201C2-2790-456A-84DC-024EC229A149}.Release|x64.ActiveCfg = Release|Any CPU
		{3C2201C2-2790-456A-84DC-024EC229A149}.Release|x64.Build.0 = Release|Any CPU
		{3C2201C2-2790-456A-84DC-024EC229A149}.Release|x86.ActiveCfg = Release|Any CPU
		{3C2201C2-2790-456A-84DC-024EC229A149}.Release|x86.Build.0 = Release|Any CPU
	EndGlobalSection
	GlobalSection(SolutionProperties) = preSolution
		HideSolutionNode = FALSE
	EndGlobalSection
	GlobalSection(NestedProjects) = preSolution
		{7BE08DE7-45AA-47E0-B07B-ADB317782105} = {827E0CD3-B72D-47B6-A68D-7590B98EB39B}
		{5C182A95-B45B-4BCC-93A0-09F1E9BA8400} = {827E0CD3-B72D-47B6-A68D-7590B98EB39B}
		{AB6B6AB3-068F-468F-903D-E57D19E9E350} = {827E0CD3-B72D-47B6-A68D-7590B98EB39B}
		{88AF41B6-F1A1-42D3-843C-D1F872824317} = {827E0CD3-B72D-47B6-A68D-7590B98EB39B}
		{5FBDC2D9-665B-45D0-9721-3DCFD9E2E45A} = {0AB3BF05-4346-4AA6-1389-037BE0695223}
		{FACE45C5-47FF-4520-BDAC-E3738F53ADE8} = {0AB3BF05-4346-4AA6-1389-037BE0695223}
		{9C9FB5B7-2EF4-4B2D-B4C2-5E7A8370DEB1} = {0AB3BF05-4346-4AA6-1389-037BE0695223}
		{B19DF281-6B65-47BE-9860-8DE290EEDE86} = {827E0CD3-B72D-47B6-A68D-7590B98EB39B}
		{10E34546-A8CF-44FC-A255-537478B969DA} = {827E0CD3-B72D-47B6-A68D-7590B98EB39B}
		{670FB778-DCDF-4239-9395-6AE1F4E01B44} = {0AB3BF05-4346-4AA6-1389-037BE0695223}
		{7D0B02E4-38BE-43AA-9719-C74BF0B7952E} = {0AB3BF05-4346-4AA6-1389-037BE0695223}
		{A29D5FF7-D445-4F53-B6F4-EC9980132DFB} = {07C2787E-EAC7-C090-1BA3-A61EC2A24D84}
		{3C2201C2-2790-456A-84DC-024EC229A149} = {0AB3BF05-4346-4AA6-1389-037BE0695223}
	EndGlobalSection
EndGlobal
